
Microsoft Visual Studio Solution File, Format Version 12.00
# Visual Studio 15
VisualStudioVersion = 15.0.27130.2036
MinimumVisualStudioVersion = 10.0.40219.1
Project("{FAE04EC0-301F-11D3-BF4B-00C04F79EFBC}") = "ApplicationInsightsClientIp", "ApplicationInsightsClientIp\ApplicationInsightsClientIp.csproj", "{87E21AF2-CD20-4EDF-ACDE-7B25DF81E2FC}"
EndProject
Global
	GlobalSection(SolutionConfigurationPlatforms) = preSolution
		Debug|Any CPU = Debug|Any CPU
		Release|Any CPU = Release|Any CPU
	EndGlobalSection
	GlobalSection(ProjectConfigurationPlatforms) = postSolution
		{87E21AF2-CD20-4EDF-ACDE-7B25DF81E2FC}.Debug|Any CPU.ActiveCfg = Debug|Any CPU
		{87E21AF2-CD20-4EDF-ACDE-7B25DF81E2FC}.Debug|Any CPU.Build.0 = Debug|Any CPU
		{87E21AF2-CD20-4EDF-ACDE-7B25DF81E2FC}.Release|Any CPU.ActiveCfg = Release|Any CPU
		{87E21AF2-CD20-4EDF-ACDE-7B25DF81E2FC}.Release|Any CPU.Build.0 = Release|Any CPU
	EndGlobalSection
	GlobalSection(SolutionProperties) = preSolution
		HideSolutionNode = FALSE
	EndGlobalSection
	GlobalSection(ExtensibilityGlobals) = postSolution
		SolutionGuid = {CCCE3260-C691-45B3-8E63-DE56F3D66E1F}
	EndGlobalSection
EndGlobal
